// !$*UTF8*$!
{
	archiveVersion = 1;
	classes = {
	};
	objectVersion = 46;
	objects = {

/* Begin PBXBuildFile section */
		9B6AAF4E1C0D80D000441919 /* AppDelegate.swift in Sources */ = {isa = PBXBuildFile; fileRef = 9B6AAF4D1C0D80D000441919 /* AppDelegate.swift */; };
		9B6AAF501C0D80D000441919 /* ViewController.swift in Sources */ = {isa = PBXBuildFile; fileRef = 9B6AAF4F1C0D80D000441919 /* ViewController.swift */; };
		9B6AAF531C0D80D000441919 /* Main.storyboard in Resources */ = {isa = PBXBuildFile; fileRef = 9B6AAF511C0D80D000441919 /* Main.storyboard */; };
		9B6AAF551C0D80D000441919 /* Assets.xcassets in Resources */ = {isa = PBXBuildFile; fileRef = 9B6AAF541C0D80D000441919 /* Assets.xcassets */; };
		9B6AAF581C0D80D000441919 /* LaunchScreen.storyboard in Resources */ = {isa = PBXBuildFile; fileRef = 9B6AAF561C0D80D000441919 /* LaunchScreen.storyboard */; };
		9B6AAF631C0D80D000441919 /* newswithcTests.swift in Sources */ = {isa = PBXBuildFile; fileRef = 9B6AAF621C0D80D000441919 /* newswithcTests.swift */; };
		9B6AAF6E1C0D80D000441919 /* newswithcUITests.swift in Sources */ = {isa = PBXBuildFile; fileRef = 9B6AAF6D1C0D80D000441919 /* newswithcUITests.swift */; };
		9B6AAF801C0D81FF00441919 /* MM.m in Sources */ = {isa = PBXBuildFile; fileRef = 9B6AAF7F1C0D81FF00441919 /* MM.m */; };
		9B6AAF8A1C0D88AB00441919 /* AMViralSwitch.m in Sources */ = {isa = PBXBuildFile; fileRef = 9B6AAF891C0D88AB00441919 /* AMViralSwitch.m */; };
/* End PBXBuildFile section */

/* Begin PBXContainerItemProxy section */
		9B6AAF5F1C0D80D000441919 /* PBXContainerItemProxy */ = {
			isa = PBXContainerItemProxy;
			containerPortal = 9B6AAF421C0D80D000441919 /* Project object */;
			proxyType = 1;
			remoteGlobalIDString = 9B6AAF491C0D80D000441919;
			remoteInfo = newswithc;
		};
		9B6AAF6A1C0D80D000441919 /* PBXContainerItemProxy */ = {
			isa = PBXContainerItemProxy;
			containerPortal = 9B6AAF421C0D80D000441919 /* Project object */;
			proxyType = 1;
			remoteGlobalIDString = 9B6AAF491C0D80D000441919;
			remoteInfo = newswithc;
		};
/* End PBXContainerItemProxy section */

/* Begin PBXFileReference section */
		9B6AAF4A1C0D80D000441919 /* newswithc.app */ = {isa = PBXFileReference; explicitFileType = wrapper.application; includeInIndex = 0; path = newswithc.app; sourceTree = BUILT_PRODUCTS_DIR; };
		9B6AAF4D1C0D80D000441919 /* AppDelegate.swift */ = {isa = PBXFileReference; lastKnownFileType = sourcecode.swift; path = AppDelegate.swift; sourceTree = "<group>"; };
		9B6AAF4F1C0D80D000441919 /* ViewController.swift */ = {isa = PBXFileReference; lastKnownFileType = sourcecode.swift; path = ViewController.swift; sourceTree = "<group>"; };
		9B6AAF521C0D80D000441919 /* Base */ = {isa = PBXFileReference; lastKnownFileType = file.storyboard; name = Base; path = Base.lproj/Main.storyboard; sourceTree = "<group>"; };
		9B6AAF541C0D80D000441919 /* Assets.xcassets */ = {isa = PBXFileReference; lastKnownFileType = folder.assetcatalog; path = Assets.xcassets; sourceTree = "<group>"; };
		9B6AAF571C0D80D000441919 /* Base */ = {isa = PBXFileReference; lastKnownFileType = file.storyboard; name = Base; path = Base.lproj/LaunchScreen.storyboard; sourceTree = "<group>"; };
		9B6AAF591C0D80D000441919 /* Info.plist */ = {isa = PBXFileReference; lastKnownFileType = text.plist.xml; path = Info.plist; sourceTree = "<group>"; };
		9B6AAF5E1C0D80D000441919 /* newswithcTests.xctest */ = {isa = PBXFileReference; explicitFileType = wrapper.cfbundle; includeInIndex = 0; path = newswithcTests.xctest; sourceTree = BUILT_PRODUCTS_DIR; };
		9B6AAF621C0D80D000441919 /* newswithcTests.swift */ = {isa = PBXFileReference; lastKnownFileType = sourcecode.swift; path = newswithcTests.swift; sourceTree = "<group>"; };
		9B6AAF641C0D80D000441919 /* Info.plist */ = {isa = PBXFileReference; lastKnownFileType = text.plist.xml; path = Info.plist; sourceTree = "<group>"; };
		9B6AAF691C0D80D000441919 /* newswithcUITests.xctest */ = {isa = PBXFileReference; explicitFileType = wrapper.cfbundle; includeInIndex = 0; path = newswithcUITests.xctest; sourceTree = BUILT_PRODUCTS_DIR; };
		9B6AAF6D1C0D80D000441919 /* newswithcUITests.swift */ = {isa = PBXFileReference; lastKnownFileType = sourcecode.swift; path = newswithcUITests.swift; sourceTree = "<group>"; };
		9B6AAF6F1C0D80D000441919 /* Info.plist */ = {isa = PBXFileReference; lastKnownFileType = text.plist.xml; path = Info.plist; sourceTree = "<group>"; };
		9B6AAF7D1C0D81FF00441919 /* newswithc-Bridging-Header.h */ = {isa = PBXFileReference; lastKnownFileType = sourcecode.c.h; path = "newswithc-Bridging-Header.h"; sourceTree = "<group>"; };
		9B6AAF7E1C0D81FF00441919 /* MM.h */ = {isa = PBXFileReference; fileEncoding = 4; lastKnownFileType = sourcecode.c.h; path = MM.h; sourceTree = "<group>"; };
		9B6AAF7F1C0D81FF00441919 /* MM.m */ = {isa = PBXFileReference; fileEncoding = 4; lastKnownFileType = sourcecode.c.objc; path = MM.m; sourceTree = "<group>"; };
		9B6AAF881C0D88AB00441919 /* AMViralSwitch.h */ = {isa = PBXFileReference; fileEncoding = 4; lastKnownFileType = sourcecode.c.h; name = AMViralSwitch.h; path = ViralSwitch/AMViralSwitch.h; sourceTree = "<group>"; };
		9B6AAF891C0D88AB00441919 /* AMViralSwitch.m */ = {isa = PBXFileReference; fileEncoding = 4; lastKnownFileType = sourcecode.c.objc; name = AMViralSwitch.m; path = ViralSwitch/AMViralSwitch.m; sourceTree = "<group>"; };
/* End PBXFileReference section */

/* Begin PBXFrameworksBuildPhase section */
		9B6AAF471C0D80D000441919 /* Frameworks */ = {
			isa = PBXFrameworksBuildPhase;
			buildActionMask = 2147483647;
			files = (
			);
			runOnlyForDeploymentPostprocessing = 0;
		};
		9B6AAF5B1C0D80D000441919 /* Frameworks */ = {
			isa = PBXFrameworksBuildPhase;
			buildActionMask = 2147483647;
			files = (
			);
			runOnlyForDeploymentPostprocessing = 0;
		};
		9B6AAF661C0D80D000441919 /* Frameworks */ = {
			isa = PBXFrameworksBuildPhase;
			buildActionMask = 2147483647;
			files = (
			);
			runOnlyForDeploymentPostprocessing = 0;
		};
/* End PBXFrameworksBuildPhase section */

/* Begin PBXGroup section */
		9B6AAF411C0D80D000441919 = {
			isa = PBXGroup;
			children = (
				9B6AAF4C1C0D80D000441919 /* newswithc */,
				9B6AAF611C0D80D000441919 /* newswithcTests */,
				9B6AAF6C1C0D80D000441919 /* newswithcUITests */,
				9B6AAF4B1C0D80D000441919 /* Products */,
			);
			sourceTree = "<group>";
		};
		9B6AAF4B1C0D80D000441919 /* Products */ = {
			isa = PBXGroup;
			children = (
				9B6AAF4A1C0D80D000441919 /* newswithc.app */,
				9B6AAF5E1C0D80D000441919 /* newswithcTests.xctest */,
				9B6AAF691C0D80D000441919 /* newswithcUITests.xctest */,
			);
			name = Products;
			sourceTree = "<group>";
		};
		9B6AAF4C1C0D80D000441919 /* newswithc */ = {
			isa = PBXGroup;
			children = (
				9B6AAF8B1C0D88CB00441919 /* switch */,
				9B6AAF4D1C0D80D000441919 /* AppDelegate.swift */,
				9B6AAF4F1C0D80D000441919 /* ViewController.swift */,
				9B6AAF511C0D80D000441919 /* Main.storyboard */,
				9B6AAF541C0D80D000441919 /* Assets.xcassets */,
				9B6AAF561C0D80D000441919 /* LaunchScreen.storyboard */,
				9B6AAF591C0D80D000441919 /* Info.plist */,
				9B6AAF7E1C0D81FF00441919 /* MM.h */,
				9B6AAF7F1C0D81FF00441919 /* MM.m */,
				9B6AAF7D1C0D81FF00441919 /* newswithc-Bridging-Header.h */,
			);
			path = newswithc;
			sourceTree = "<group>";
		};
		9B6AAF611C0D80D000441919 /* newswithcTests */ = {
			isa = PBXGroup;
			children = (
				9B6AAF621C0D80D000441919 /* newswithcTests.swift */,
				9B6AAF641C0D80D000441919 /* Info.plist */,
			);
			path = newswithcTests;
			sourceTree = "<group>";
		};
		9B6AAF6C1C0D80D000441919 /* newswithcUITests */ = {
			isa = PBXGroup;
			children = (
				9B6AAF6D1C0D80D000441919 /* newswithcUITests.swift */,
				9B6AAF6F1C0D80D000441919 /* Info.plist */,
			);
			path = newswithcUITests;
			sourceTree = "<group>";
		};
		9B6AAF8B1C0D88CB00441919 /* switch */ = {
			isa = PBXGroup;
			children = (
				9B6AAF881C0D88AB00441919 /* AMViralSwitch.h */,
				9B6AAF891C0D88AB00441919 /* AMViralSwitch.m */,
			);
			name = switch;
			sourceTree = "<group>";
		};
/* End PBXGroup section */

/* Begin PBXNativeTarget section */
		9B6AAF491C0D80D000441919 /* newswithc */ = {
			isa = PBXNativeTarget;
			buildConfigurationList = 9B6AAF721C0D80D000441919 /* Build configuration list for PBXNativeTarget "newswithc" */;
			buildPhases = (
				9B6AAF461C0D80D000441919 /* Sources */,
				9B6AAF471C0D80D000441919 /* Frameworks */,
				9B6AAF481C0D80D000441919 /* Resources */,
			);
			buildRules = (
			);
			dependencies = (
			);
			name = newswithc;
			productName = newswithc;
			productReference = 9B6AAF4A1C0D80D000441919 /* newswithc.app */;
			productType = "com.apple.product-type.application";
		};
		9B6AAF5D1C0D80D000441919 /* newswithcTests */ = {
			isa = PBXNativeTarget;
			buildConfigurationList = 9B6AAF751C0D80D000441919 /* Build configuration list for PBXNativeTarget "newswithcTests" */;
			buildPhases = (
				9B6AAF5A1C0D80D000441919 /* Sources */,
				9B6AAF5B1C0D80D000441919 /* Frameworks */,
				9B6AAF5C1C0D80D000441919 /* Resources */,
			);
			buildRules = (
			);
			dependencies = (
				9B6AAF601C0D80D000441919 /* PBXTargetDependency */,
			);
			name = newswithcTests;
			productName = newswithcTests;
			productReference = 9B6AAF5E1C0D80D000441919 /* newswithcTests.xctest */;
			productType = "com.apple.product-type.bundle.unit-test";
		};
		9B6AAF681C0D80D000441919 /* newswithcUITests */ = {
			isa = PBXNativeTarget;
			buildConfigurationList = 9B6AAF781C0D80D000441919 /* Build configuration list for PBXNativeTarget "newswithcUITests" */;
			buildPhases = (
				9B6AAF651C0D80D000441919 /* Sources */,
				9B6AAF661C0D80D000441919 /* Frameworks */,
				9B6AAF671C0D80D000441919 /* Resources */,
			);
			buildRules = (
			);
			dependencies = (
				9B6AAF6B1C0D80D000441919 /* PBXTargetDependency */,
			);
			name = newswithcUITests;
			productName = newswithcUITests;
			productReference = 9B6AAF691C0D80D000441919 /* newswithcUITests.xctest */;
			productType = "com.apple.product-type.bundle.ui-testing";
		};
/* End PBXNativeTarget section */

/* Begin PBXProject section */
		9B6AAF421C0D80D000441919 /* Project object */ = {
			isa = PBXProject;
			attributes = {
				LastSwiftUpdateCheck = 0710;
				LastUpgradeCheck = 0710;
				ORGANIZATIONNAME = " yanglc";
				TargetAttributes = {
					9B6AAF491C0D80D000441919 = {
						CreatedOnToolsVersion = 7.1.1;
					};
					9B6AAF5D1C0D80D000441919 = {
						CreatedOnToolsVersion = 7.1.1;
						TestTargetID = 9B6AAF491C0D80D000441919;
					};
					9B6AAF681C0D80D000441919 = {
						CreatedOnToolsVersion = 7.1.1;
						TestTargetID = 9B6AAF491C0D80D000441919;
					};
				};
			};
			buildConfigurationList = 9B6AAF451C0D80D000441919 /* Build configuration list for PBXProject "newswithc" */;
			compatibilityVersion = "Xcode 3.2";
			developmentRegion = English;
			hasScannedForEncodings = 0;
			knownRegions = (
				en,
				Base,
			);
			mainGroup = 9B6AAF411C0D80D000441919;
			productRefGroup = 9B6AAF4B1C0D80D000441919 /* Products */;
			projectDirPath = "";
			projectRoot = "";
			targets = (
				9B6AAF491C0D80D000441919 /* newswithc */,
				9B6AAF5D1C0D80D000441919 /* newswithcTests */,
				9B6AAF681C0D80D000441919 /* newswithcUITests */,
			);
		};
/* End PBXProject section */

/* Begin PBXResourcesBuildPhase section */
		9B6AAF481C0D80D000441919 /* Resources */ = {
			isa = PBXResourcesBuildPhase;
			buildActionMask = 2147483647;
			files = (
				9B6AAF581C0D80D000441919 /* LaunchScreen.storyboard in Resources */,
				9B6AAF551C0D80D000441919 /* Assets.xcassets in Resources */,
				9B6AAF531C0D80D000441919 /* Main.storyboard in Resources */,
			);
			runOnlyForDeploymentPostprocessing = 0;
		};
		9B6AAF5C1C0D80D000441919 /* Resources */ = {
			isa = PBXResourcesBuildPhase;
			buildActionMask = 2147483647;
			files = (
			);
			runOnlyForDeploymentPostprocessing = 0;
		};
		9B6AAF671C0D80D000441919 /* Resources */ = {
			isa = PBXResourcesBuildPhase;
			buildActionMask = 2147483647;
			files = (
			);
			runOnlyForDeploymentPostprocessing = 0;
		};
/* End PBXResourcesBuildPhase section */

/* Begin PBXSourcesBuildPhase section */
		9B6AAF461C0D80D000441919 /* Sources */ = {
			isa = PBXSourcesBuildPhase;
			buildActionMask = 2147483647;
			files = (
				9B6AAF8A1C0D88AB00441919 /* AMViralSwitch.m in Sources */,
				9B6AAF801C0D81FF00441919 /* MM.m in Sources */,
				9B6AAF501C0D80D000441919 /* ViewController.swift in Sources */,
				9B6AAF4E1C0D80D000441919 /* AppDelegate.swift in Sources */,
			);
			runOnlyForDeploymentPostprocessing = 0;
		};
		9B6AAF5A1C0D80D000441919 /* Sources */ = {
			isa = PBXSourcesBuildPhase;
			buildActionMask = 2147483647;
			files = (
				9B6AAF631C0D80D000441919 /* newswithcTests.swift in Sources */,
			);
			runOnlyForDeploymentPostprocessing = 0;
		};
		9B6AAF651C0D80D000441919 /* Sources */ = {
			isa = PBXSourcesBuildPhase;
			buildActionMask = 2147483647;
			files = (
				9B6AAF6E1C0D80D000441919 /* newswithcUITests.swift in Sources */,
			);
			runOnlyForDeploymentPostprocessing = 0;
		};
/* End PBXSourcesBuildPhase section */

/* Begin PBXTargetDependency section */
		9B6AAF601C0D80D000441919 /* PBXTargetDependency */ = {
			isa = PBXTargetDependency;
			target = 9B6AAF491C0D80D000441919 /* newswithc */;
			targetProxy = 9B6AAF5F1C0D80D000441919 /* PBXContainerItemProxy */;
		};
		9B6AAF6B1C0D80D000441919 /* PBXTargetDependency */ = {
			isa = PBXTargetDependency;
			target = 9B6AAF491C0D80D000441919 /* newswithc */;
			targetProxy = 9B6AAF6A1C0D80D000441919 /* PBXContainerItemProxy */;
		};
/* End PBXTargetDependency section */

/* Begin PBXVariantGroup section */
		9B6AAF511C0D80D000441919 /* Main.storyboard */ = {
			isa = PBXVariantGroup;
			children = (
				9B6AAF521C0D80D000441919 /* Base */,
			);
			name = Main.storyboard;
			sourceTree = "<group>";
		};
		9B6AAF561C0D80D000441919 /* LaunchScreen.storyboard */ = {
			isa = PBXVariantGroup;
			children = (
				9B6AAF571C0D80D000441919 /* Base */,
			);
			name = LaunchScreen.storyboard;
			sourceTree = "<group>";
		};
/* End PBXVariantGroup section */

/* Begin XCBuildConfiguration section */
		9B6AAF701C0D80D000441919 /* Debug */ = {
			isa = XCBuildConfiguration;
			buildSettings = {
				ALWAYS_SEARCH_USER_PATHS = NO;
				CLANG_CXX_LANGUAGE_STANDARD = "gnu++0x";
				CLANG_CXX_LIBRARY = "libc++";
				CLANG_ENABLE_MODULES = YES;
				CLANG_ENABLE_OBJC_ARC = YES;
				CLANG_WARN_BOOL_CONVERSION = YES;
				CLANG_WARN_CONSTANT_CONVERSION = YES;
				CLANG_WARN_DIRECT_OBJC_ISA_USAGE = YES_ERROR;
				CLANG_WARN_EMPTY_BODY = YES;
				CLANG_WARN_ENUM_CONVERSION = YES;
				CLANG_WARN_INT_CONVERSION = YES;
				CLANG_WARN_OBJC_ROOT_CLASS = YES_ERROR;
				CLANG_WARN_UNREACHABLE_CODE = YES;
				CLANG_WARN__DUPLICATE_METHOD_MATCH = YES;
				"CODE_SIGN_IDENTITY[sdk=iphoneos*]" = "iPhone Developer";
				COPY_PHASE_STRIP = NO;
				DEBUG_INFORMATION_FORMAT = dwarf;
				ENABLE_STRICT_OBJC_MSGSEND = YES;
				ENABLE_TESTABILITY = YES;
				GCC_C_LANGUAGE_STANDARD = gnu99;
				GCC_DYNAMIC_NO_PIC = NO;
				GCC_NO_COMMON_BLOCKS = YES;
				GCC_OPTIMIZATION_LEVEL = 0;
				GCC_PREPROCESSOR_DEFINITIONS = (
					"DEBUG=1",
					"$(inherited)",
				);
				GCC_WARN_64_TO_32_BIT_CONVERSION = YES;
				GCC_WARN_ABOUT_RETURN_TYPE = YES_ERROR;
				GCC_WARN_UNDECLARED_SELECTOR = YES;
				GCC_WARN_UNINITIALIZED_AUTOS = YES_AGGRESSIVE;
				GCC_WARN_UNUSED_FUNCTION = YES;
				GCC_WARN_UNUSED_VARIABLE = YES;
				IPHONEOS_DEPLOYMENT_TARGET = 9.1;
				MTL_ENABLE_DEBUG_INFO = YES;
				ONLY_ACTIVE_ARCH = YES;
				SDKROOT = iphoneos;
				SWIFT_OPTIMIZATION_LEVEL = "-Onone";
			};
			name = Debug;
		};
		9B6AAF711C0D80D000441919 /* Release */ = {
			isa = XCBuildConfiguration;
			buildSettings = {
				ALWAYS_SEARCH_USER_PATHS = NO;
				CLANG_CXX_LANGUAGE_STANDARD = "gnu++0x";
				CLANG_CXX_LIBRARY = "libc++";
				CLANG_ENABLE_MODULES = YES;
				CLANG_ENABLE_OBJC_ARC = YES;
				CLANG_WARN_BOOL_CONVERSION = YES;
				CLANG_WARN_CONSTANT_CONVERSION = YES;
				CLANG_WARN_DIRECT_OBJC_ISA_USAGE = YES_ERROR;
				CLANG_WARN_EMPTY_BODY = YES;
				CLANG_WARN_ENUM_CONVERSION = YES;
				CLANG_WARN_INT_CONVERSION = YES;
				CLANG_WARN_OBJC_ROOT_CLASS = YES_ERROR;
				CLANG_WARN_UNREACHABLE_CODE = YES;
				CLANG_WARN__DUPLICATE_METHOD_MATCH = YES;
				"CODE_SIGN_IDENTITY[sdk=iphoneos*]" = "iPhone Developer";
				COPY_PHASE_STRIP = NO;
				DEBUG_INFORMATION_FORMAT = "dwarf-with-dsym";
				ENABLE_NS_ASSERTIONS = NO;
				ENABLE_STRICT_OBJC_MSGSEND = YES;
				GCC_C_LANGUAGE_STANDARD = gnu99;
				GCC_NO_COMMON_BLOCKS = YES;
				GCC_WARN_64_TO_32_BIT_CONVERSION = YES;
				GCC_WARN_ABOUT_RETURN_TYPE = YES_ERROR;
				GCC_WARN_UNDECLARED_SELECTOR = YES;
				GCC_WARN_UNINITIALIZED_AUTOS = YES_AGGRESSIVE;
				GCC_WARN_UNUSED_FUNCTION = YES;
				GCC_WARN_UNUSED_VARIABLE = YES;
				IPHONEOS_DEPLOYMENT_TARGET = 9.1;
				MTL_ENABLE_DEBUG_INFO = NO;
				SDKROOT = iphoneos;
				VALIDATE_PRODUCT = YES;
			};
			name = Release;
		};
		9B6AAF731C0D80D000441919 /* Debug */ = {
			isa = XCBuildConfiguration;
			buildSettings = {
				ASSETCATALOG_COMPILER_APPICON_NAME = AppIcon;
				CLANG_ENABLE_MODULES = YES;
				INFOPLIST_FILE = newswithc/Info.plist;
				LD_RUNPATH_SEARCH_PATHS = "$(inherited) @executable_path/Frameworks";
				PRODUCT_BUNDLE_IDENTIFIER = xxx.com.newswithc;
				PRODUCT_NAME = "$(TARGET_NAME)";
				SWIFT_OBJC_BRIDGING_HEADER = "newswithc/newswithc-Bridging-Header.h";
				SWIFT_OPTIMIZATION_LEVEL = "-Onone";
			};
			name = Debug;
		};
		9B6AAF741C0D80D000441919 /* Release */ = {
			isa = XCBuildConfiguration;
			buildSettings = {
				ASSETCATALOG_COMPILER_APPICON_NAME = AppIcon;
				CLANG_ENABLE_MODULES = YES;
				INFOPLIST_FILE = newswithc/Info.plist;
				LD_RUNPATH_SEARCH_PATHS = "$(inherited) @executable_path/Frameworks";
				PRODUCT_BUNDLE_IDENTIFIER = xxx.com.newswithc;
				PRODUCT_NAME = "$(TARGET_NAME)";
				SWIFT_OBJC_BRIDGING_HEADER = "newswithc/newswithc-Bridging-Header.h";
			};
			name = Release;
		};
		9B6AAF761C0D80D000441919 /* Debug */ = {
			isa = XCBuildConfiguration;
			buildSettings = {
				BUNDLE_LOADER = "$(TEST_HOST)";
				INFOPLIST_FILE = newswithcTests/Info.plist;
				LD_RUNPATH_SEARCH_PATHS = "$(inherited) @executable_path/Frameworks @loader_path/Frameworks";
				PRODUCT_BUNDLE_IDENTIFIER = xxx.com.newswithcTests;
				PRODUCT_NAME = "$(TARGET_NAME)";
				TEST_HOST = "$(BUILT_PRODUCTS_DIR)/newswithc.app/newswithc";
			};
			name = Debug;
		};
		9B6AAF771C0D80D000441919 /* Release */ = {
			isa = XCBuildConfiguration;
			buildSettings = {
				BUNDLE_LOADER = "$(TEST_HOST)";
				INFOPLIST_FILE = newswithcTests/Info.plist;
				LD_RUNPATH_SEARCH_PATHS = "$(inherited) @executable_path/Frameworks @loader_path/Frameworks";
				PRODUCT_BUNDLE_IDENTIFIER = xxx.com.newswithcTests;
				PRODUCT_NAME = "$(TARGET_NAME)";
				TEST_HOST = "$(BUILT_PRODUCTS_DIR)/newswithc.app/newswithc";
			};
			name = Release;
		};
		9B6AAF791C0D80D000441919 /* Debug */ = {
			isa = XCBuildConfiguration;
			buildSettings = {
				INFOPLIST_FILE = newswithcUITests/Info.plist;
				LD_RUNPATH_SEARCH_PATHS = "$(inherited) @executable_path/Frameworks @loader_path/Frameworks";
				PRODUCT_BUNDLE_IDENTIFIER = xxx.com.newswithcUITests;
				PRODUCT_NAME = "$(TARGET_NAME)";
				TEST_TARGET_NAME = newswithc;
				USES_XCTRUNNER = YES;
			};
			name = Debug;
		};
		9B6AAF7A1C0D80D000441919 /* Release */ = {
			isa = XCBuildConfiguration;
			buildSettings = {
				INFOPLIST_FILE = newswithcUITests/Info.plist;
				LD_RUNPATH_SEARCH_PATHS = "$(inherited) @executable_path/Frameworks @loader_path/Frameworks";
				PRODUCT_BUNDLE_IDENTIFIER = xxx.com.newswithcUITests;
				PRODUCT_NAME = "$(TARGET_NAME)";
				TEST_TARGET_NAME = newswithc;
				USES_XCTRUNNER = YES;
			};
			name = Release;
		};
/* End XCBuildConfiguration section */

/* Begin XCConfigurationList section */
		9B6AAF451C0D80D000441919 /* Build configuration list for PBXProject "newswithc" */ = {
			isa = XCConfigurationList;
			buildConfigurations = (
				9B6AAF701C0D80D000441919 /* Debug */,
				9B6AAF711C0D80D000441919 /* Release */,
			);
			defaultConfigurationIsVisible = 0;
			defaultConfigurationName = Release;
		};
		9B6AAF721C0D80D000441919 /* Build configuration list for PBXNativeTarget "newswithc" */ = {
			isa = XCConfigurationList;
			buildConfigurations = (
				9B6AAF731C0D80D000441919 /* Debug */,
				9B6AAF741C0D80D000441919 /* Release */,
			);
			defaultConfigurationIsVisible = 0;
		};
		9B6AAF751C0D80D000441919 /* Build configuration list for PBXNativeTarget "newswithcTests" */ = {
			isa = XCConfigurationList;
			buildConfigurations = (
				9B6AAF761C0D80D000441919 /* Debug */,
				9B6AAF771C0D80D000441919 /* Release */,
			);
			defaultConfigurationIsVisible = 0;
		};
		9B6AAF781C0D80D000441919 /* Build configuration list for PBXNativeTarget "newswithcUITests" */ = {
			isa = XCConfigurationList;
			buildConfigurations = (
				9B6AAF791C0D80D000441919 /* Debug */,
				9B6AAF7A1C0D80D000441919 /* Release */,
			);
			defaultConfigurationIsVisible = 0;
		};
/* End XCConfigurationList section */
	};
	rootObject = 9B6AAF421C0D80D000441919 /* Project object */;
}
